PODS:
  - Flutter (1.0.0)
  - flutter_file_helper (0.0.1):
    - Flutter

DEPENDENCIES:
  - Flutter (from `.symlinks/flutter/ios`)
  - flutter_file_helper (from `.symlinks/plugins/flutter_file_helper/ios`)

EXTERNAL SOURCES:
  Flutter:
    :path: ".symlinks/flutter/ios"
  flutter_file_helper:
    :path: ".symlinks/plugins/flutter_file_helper/ios"

SPEC CHECKSUMS:
  Flutter: 58dd7d1b27887414a370fcccb9e645c08ffd7a6a
  flutter_file_helper: 0216ef5ab504a27749c446f6bfb921f027ec8d0c

PODFILE CHECKSUM: 7fb83752f59ead6285236625b82473f90b1cb932

COCOAPODS: 1.7.3
